<?xml version="1.0" encoding="utf-8"?>
<Project ToolsVersion="4.0" xmlns="http://schemas.microsoft.com/developer/msbuild/2003">
  <ItemGroup>
    <Filter Include="Source Files">
      <UniqueIdentifier>{4FC737F1-C7A5-4376-A066-2A32D752A2FF}</UniqueIdentifier>
      <Extensions>cpp;c;cc;cxx;c++;cppm;ixx;def;odl;idl;hpj;bat;asm;asmx</Extensions>
    </Filter>
    <Filter Include="Header Files">
      <UniqueIdentifier>{93995380-89BD-4b04-88EB-625FBE52EBFB}</UniqueIdentifier>
      <Extensions>h;hh;hpp;hxx;h++;hm;inl;inc;ipp;xsd</Extensions>
    </Filter>
    <Filter Include="Resource Files">
      <UniqueIdentifier>{67DA6AB6-F800-4c08-8B7A-83BB121AAD01}</UniqueIdentifier>
      <Extensions>rc;ico;cur;bmp;dlg;rc2;rct;bin;rgs;gif;jpg;jpeg;jpe;resx;tiff;tif;png;wav;mfcribbon-ms</Extensions>
    </Filter>
    <Filter Include="FragmentShaders">
      <UniqueIdentifier>{9e1f7ab6-5c23-4b3d-95be-a907b9cea742}</UniqueIdentifier>
    </Filter>
    <Filter Include="VertexShaders">
      <UniqueIdentifier>{2e29a624-8f56-467e-9246-f16e177a30ca}</UniqueIdentifier>
    </Filter>
  </ItemGroup>
  <ItemGroup>
    <ClCompile Include="source.cpp">
      <Filter>Source Files</Filter>
    </ClCompile>
    <ClCompile Include="glad.c">
      <Filter>Source Files</Filter>
    </ClCompile>
    <ClCompile Include="stb.cpp">
      <Filter>Source Files</Filter>
    </ClCompile>
    <ClCompile Include="FragmentShaderModelTransparent.glsl">
      <Filter>FragmentShaders</Filter>
    </ClCompile>
  </ItemGroup>
  <ItemGroup>
    <ClInclude Include="stb_image.h">
      <Filter>Header Files</Filter>
    </ClInclude>
    <ClInclude Include="Shader.h">
      <Filter>Header Files</Filter>
    </ClInclude>
    <ClInclude Include="Camera.h">
      <Filter>Header Files</Filter>
    </ClInclude>
    <ClInclude Include="Mesh.h">
      <Filter>Header Files</Filter>
    </ClInclude>
    <ClInclude Include="Model.h">
      <Filter>Header Files</Filter>
    </ClInclude>
    <ClInclude Include="Cube.h">
      <Filter>Header Files</Filter>
    </ClInclude>
    <ClInclude Include="Light.h">
      <Filter>Header Files</Filter>
    </ClInclude>
  </ItemGroup>
  <ItemGroup>
    <FxCompile Include="VertexShaderBase.glsl">
      <Filter>VertexShaders</Filter>
    </FxCompile>
    <FxCompile Include="VertexShaderWithColor.glsl">
      <Filter>VertexShaders</Filter>
    </FxCompile>
    <FxCompile Include="FragmentShaderBase.glsl">
      <Filter>FragmentShaders</Filter>
    </FxCompile>
    <FxCompile Include="FragmentShaderWithTexture.glsl">
      <Filter>FragmentShaders</Filter>
    </FxCompile>
    <FxCompile Include="FragmentShaderLit.glsl">
      <Filter>FragmentShaders</Filter>
    </FxCompile>
    <FxCompile Include="VertexShaderWithNormal.glsl">
      <Filter>VertexShaders</Filter>
    </FxCompile>
    <FxCompile Include="FragmentShaderModelBase.glsl">
      <Filter>FragmentShaders</Filter>
    </FxCompile>
    <FxCompile Include="VertexShaderModelBase.glsl">
      <Filter>VertexShaders</Filter>
    </FxCompile>
    <FxCompile Include="VertexShaderModelLit.glsl">
      <Filter>VertexShaders</Filter>
    </FxCompile>
    <FxCompile Include="FragmentShaderModelLit.glsl">
      <Filter>FragmentShaders</Filter>
    </FxCompile>
    <FxCompile Include="FragmentShaderSolidColor.glsl">
      <Filter>FragmentShaders</Filter>
    </FxCompile>
    <FxCompile Include="VertexShaderRenderbuffer.glsl">
      <Filter>VertexShaders</Filter>
    </FxCompile>
    <FxCompile Include="FragmentShaderRenderbuffer.glsl">
      <Filter>FragmentShaders</Filter>
    </FxCompile>
    <FxCompile Include="FragmentShaderCubemap.glsl">
      <Filter>FragmentShaders</Filter>
    </FxCompile>
    <FxCompile Include="VertexShaderCubemap.glsl">
      <Filter>VertexShaders</Filter>
    </FxCompile>
  </ItemGroup>
  <ItemGroup>
    <None Include=".clang-format" />
    <None Include="..\README.md" />
  </ItemGroup>
  <ItemGroup>
    <Image Include="..\README.gif">
      <Filter>Resource Files</Filter>
    </Image>
  </ItemGroup>
</Project>